# THIS IS AN AUTOGENERATED FILE. DO NOT EDIT THIS FILE DIRECTLY.
# yarn lockfile v1


dat.gui@^0.7.2:
  version "0.7.2"
  resolved "https://registry.yarnpkg.com/dat.gui/-/dat.gui-0.7.2.tgz#57056f286d0f989e83f5adec196f24fd69c01ae3"

three@^0.93.0:
  version "0.93.0"
  resolved "https://registry.yarnpkg.com/three/-/three-0.93.0.tgz#3fd6c367ef4554abbb6e16ad69936283e895c123"
